
Microsoft Visual Studio Solution File, Format Version 12.00
# Visual Studio Version 17
VisualStudioVersion = 17.2.32526.322
MinimumVisualStudioVersion = 10.0.40219.1
Project("{FAE04EC0-301F-11D3-BF4B-00C04F79EFBC}") = "MovieDatabaseLab", "MovieDatabaseLab.csproj", "{53925543-0BAD-410D-B399-59D18F146380}"
EndProject
Global
	GlobalSection(SolutionConfigurationPlatforms) = preSolution
		Debug|Any CPU = Debug|Any CPU
		Release|Any CPU = Release|Any CPU
	EndGlobalSection
	GlobalSection(ProjectConfigurationPlatforms) = postSolution
		{53925543-0BAD-410D-B399-59D18F146380}.Debug|Any CPU.ActiveCfg = Debug|Any CPU
		{53925543-0BAD-410D-B399-59D18F146380}.Debug|Any CPU.Build.0 = Debug|Any CPU
		{53925543-0BAD-410D-B399-59D18F146380}.Release|Any CPU.ActiveCfg = Release|Any CPU
		{53925543-0BAD-410D-B399-59D18F146380}.Release|Any CPU.Build.0 = Release|Any CPU
	EndGlobalSection
	GlobalSection(SolutionProperties) = preSolution
		HideSolutionNode = FALSE
	EndGlobalSection
	GlobalSection(ExtensibilityGlobals) = postSolution
		SolutionGuid = {0C8F3973-44A5-4545-A751-4546E86BAAF5}
	EndGlobalSection
EndGlobal
